{
  "name": "chain",
  "version": "1.0.0",
  "lockfileVersion": 2,
  "requires": true,
  "packages": {
    "": {
      "name": "chain",
      "version": "1.0.0",
      "license": "ISC",
      "dependencies": {
        "cryptojs": "^2.5.3"
      }
    },
    "node_modules/cryptojs": {
      "version": "2.5.3",
      "resolved": "https://registry.npmjs.org/cryptojs/-/cryptojs-2.5.3.tgz",
      "integrity": "sha1-kJVH7PFbrEVuJ1RZs58u9F1/y7k=",
      "engines": {
        "node": "*"
      }
    }
  },
  "dependencies": {
    "cryptojs": {
      "version": "2.5.3",
      "resolved": "https://registry.npmjs.org/cryptojs/-/cryptojs-2.5.3.tgz",
      "integrity": "sha1-kJVH7PFbrEVuJ1RZs58u9F1/y7k="
    }
  }
}
